
Microsoft Visual Studio Solution File, Format Version 12.00
# Visual Studio Version 17
VisualStudioVersion = 17.5.33516.290
MinimumVisualStudioVersion = 10.0.40219.1
Project("{FAE04EC0-301F-11D3-BF4B-00C04F79EFBC}") = "NclearOS2", "NclearOS2\NclearOS2.csproj", "{C3B97F0F-B1DB-40EB-8070-5A612FD20F7D}"
EndProject
Global
	GlobalSection(SolutionConfigurationPlatforms) = preSolution
		Debug|Any CPU = Debug|Any CPU
		Release|Any CPU = Release|Any CPU
	EndGlobalSection
	GlobalSection(ProjectConfigurationPlatforms) = postSolution
		{C3B97F0F-B1DB-40EB-8070-5A612FD20F7D}.Debug|Any CPU.ActiveCfg = Debug|Any CPU
		{C3B97F0F-B1DB-40EB-8070-5A612FD20F7D}.Debug|Any CPU.Build.0 = Debug|Any CPU
		{C3B97F0F-B1DB-40EB-8070-5A612FD20F7D}.Release|Any CPU.ActiveCfg = Release|Any CPU
		{C3B97F0F-B1DB-40EB-8070-5A612FD20F7D}.Release|Any CPU.Build.0 = Release|Any CPU
	EndGlobalSection
	GlobalSection(SolutionProperties) = preSolution
		HideSolutionNode = FALSE
	EndGlobalSection
	GlobalSection(ExtensibilityGlobals) = postSolution
		SolutionGuid = {1BDEF67F-B123-436C-B3E5-3340057223B0}
	EndGlobalSection
EndGlobal
