
Microsoft Visual Studio Solution File, Format Version 12.00
# Visual Studio Version 17
VisualStudioVersion = 17.8.34330.188
MinimumVisualStudioVersion = 10.0.40219.1
Project("{9A19103F-16F7-4668-BE54-9A1E7A4F7556}") = "NclearOS2", "NclearOS2\NclearOS2.csproj", "{FFB8BFC3-A57E-4692-89CD-5512DDF5613F}"
EndProject
Project("{2150E333-8FDC-42A3-9474-1A3956D46DE8}") = "Solution Items", "Solution Items", "{BDEEEA99-6BA0-416A-A32C-36EA249C84E5}"
EndProject
Global
	GlobalSection(SolutionConfigurationPlatforms) = preSolution
		Debug|Any CPU = Debug|Any CPU
		Release|Any CPU = Release|Any CPU
	EndGlobalSection
	GlobalSection(ProjectConfigurationPlatforms) = postSolution
		{FFB8BFC3-A57E-4692-89CD-5512DDF5613F}.Debug|Any CPU.ActiveCfg = Debug|Any CPU
		{FFB8BFC3-A57E-4692-89CD-5512DDF5613F}.Debug|Any CPU.Build.0 = Debug|Any CPU
		{FFB8BFC3-A57E-4692-89CD-5512DDF5613F}.Release|Any CPU.ActiveCfg = Release|Any CPU
		{FFB8BFC3-A57E-4692-89CD-5512DDF5613F}.Release|Any CPU.Build.0 = Release|Any CPU
	EndGlobalSection
	GlobalSection(SolutionProperties) = preSolution
		HideSolutionNode = FALSE
	EndGlobalSection
	GlobalSection(ExtensibilityGlobals) = postSolution
		SolutionGuid = {ECA40072-F881-4659-B675-F60C8F9FEF2E}
	EndGlobalSection
EndGlobal
